github.com/gtngzlv/gophkeeper-protos v0.0.0-20231219084435-15688f573c11 h1:0jdV2g+IJm40L6gDu8OO3fL79/LDz8rnIv6wgAR/SEA=
github.com/gtngzlv/gophkeeper-protos v0.0.0-20231219084435-15688f573c11/go.mod h1:5HhHZWNYiVbG9ZfjAMmZCgq/GYXrDUbfVEF+pZx6KlM=
github.com/gtngzlv/gophkeeper-protos v0.0.0-20231219093118-91fc402bed61 h1:D04OktG8A7iT+LMQun/yddB0UEU+bEVd2Ke1+K6ijVc=
github.com/gtngzlv/gophkeeper-protos v0.0.0-20231219093118-91fc402bed61/go.mod h1:5HhHZWNYiVbG9ZfjAMmZCgq/GYXrDUbfVEF+pZx6KlM=
